PODS:
  - Alamofire (3.4.1)
  - AVOSCloud (3.3.5)
  - ChameleonFramework/Default (2.1.0)
  - ChameleonFramework/Swift (2.1.0):
    - ChameleonFramework/Default
  - FDFullscreenPopGesture (1.1)
  - IQKeyboardManager (4.0.4)
  - ITDAvatarPlaceholder (0.1.0):
    - ChameleonFramework/Swift
  - JGProgressHUD (1.3.5)
  - LTMorphingLabel (0.2.1)
  - Material (1.42.7)
  - MJRefresh (3.1.10)
  - NVActivityIndicatorView (2.9)
  - SDWebImage (3.8.1):
    - SDWebImage/Core (= 3.8.1)
  - SDWebImage/Core (3.8.1)
  - SnapKit (0.21.1)
  - SVProgressHUD (2.0.3)
  - SwiftyJSON (2.3.2)
  - Toast-Swift (1.3.0)
  - VTMagic (1.2.3):
    - VTMagic/Core (= 1.2.3)
  - VTMagic/Core (1.2.3)
  - YYCache (1.0.3)
  - YYImage (1.0.3):
    - YYImage/Core (= 1.0.3)
  - YYImage/Core (1.0.3)
  - YYWebImage (1.0.4):
    - YYCache
    - YYImage

DEPENDENCIES:
  - Alamofire
  - AVOSCloud
  - ChameleonFramework/Swift
  - FDFullscreenPopGesture
  - IQKeyboardManager
  - ITDAvatarPlaceholder
  - JGProgressHUD
  - LTMorphingLabel
  - Material
  - MJRefresh
  - NVActivityIndicatorView
  - SDWebImage
  - SnapKit
  - SVProgressHUD
  - SwiftyJSON
  - Toast-Swift
  - VTMagic
  - YYWebImage

SPEC CHECKSUMS:
  Alamofire: 01a82e2f6c0f860ade35534c8dd88be61bdef40c
  AVOSCloud: 1fe170768bee7e05bc3ea86e38d5bddb105cb957
  ChameleonFramework: d21a3cc247abfe5e37609a283a8238b03575cf64
  FDFullscreenPopGesture: a8a620179e3d9c40e8e00256dcee1c1a27c6d0f0
  IQKeyboardManager: 4a6f83b540283c2645aaeba2bd8dc0f09b5c77f8
  ITDAvatarPlaceholder: 1aa137b6c863cae4b40a18402f97d1387fb19ad5
  JGProgressHUD: 5b202636fa103db63e6f001888d11ea628133129
  LTMorphingLabel: 1858358ea38ef4d548e1f58b648b0d08ec3a62ed
  Material: 2d46a44719b1f19e52956518af8aea54ac714963
  MJRefresh: bb72948c985914b0b5cecac573a2c69a8915fb02
  NVActivityIndicatorView: 0084f6be71bdf4735b5424ebfb530b1e3db3276c
  SDWebImage: 35f9627a3e44b4f292a8a8ce6a531fa488239b91
  SnapKit: bbad04cb016c7cead63965f16b00c09318d271ee
  SVProgressHUD: b0830714205bea1317ea1a2ebc71e5633af334d4
  SwiftyJSON: 04ccea08915aa0109039157c7974cf0298da292a
  Toast-Swift: 25c3d98db42dc70d9a77b5006ee000e0becb458e
  VTMagic: c69c1dd7481e0f3f4c0b2a6f27803dde55455c96
  YYCache: 282f35b5b0990833d0b7a06d864a87141a021da2
  YYImage: 362f44ffba1fc498f2152060f3bb54ed84600981
  YYWebImage: 0431ed108e104527669b86f75efd58958425cca2

PODFILE CHECKSUM: 58996a6d823436474a2b6c2ee24619c4a0f1d991

COCOAPODS: 1.0.1
