PODS:
  - Alamofire (3.4.1)
  - AVOSCloud (3.3.5)
  - ChameleonFramework/Default (2.1.0)
  - ChameleonFramework/Swift (2.1.0):
    - ChameleonFramework/Default
  - FDFullscreenPopGesture (1.1)
  - ITDAvatarPlaceholder (0.1.0):
    - ChameleonFramework/Swift
  - LTMorphingLabel (0.2.1)
  - Material (1.42.7)
  - MJRefresh (3.1.10)
  - NVActivityIndicatorView (2.9)
  - SDWebImage (3.8.1):
    - SDWebImage/Core (= 3.8.1)
  - SDWebImage/Core (3.8.1)
  - SnapKit (0.21.1)
  - SVProgressHUD (2.0.3)
  - SwiftyJSON (2.3.2)
  - Toast-Swift (1.3.0)
  - VTMagic (1.2.3):
    - VTMagic/Core (= 1.2.3)
  - VTMagic/Core (1.2.3)

DEPENDENCIES:
  - Alamofire
  - AVOSCloud
  - ChameleonFramework/Swift
  - FDFullscreenPopGesture
  - ITDAvatarPlaceholder
  - LTMorphingLabel
  - Material
  - MJRefresh
  - NVActivityIndicatorView
  - SDWebImage
  - SnapKit
  - SVProgressHUD
  - SwiftyJSON
  - Toast-Swift
  - VTMagic

SPEC CHECKSUMS:
  Alamofire: 01a82e2f6c0f860ade35534c8dd88be61bdef40c
  AVOSCloud: 1fe170768bee7e05bc3ea86e38d5bddb105cb957
  ChameleonFramework: d21a3cc247abfe5e37609a283a8238b03575cf64
  FDFullscreenPopGesture: a8a620179e3d9c40e8e00256dcee1c1a27c6d0f0
  ITDAvatarPlaceholder: 1aa137b6c863cae4b40a18402f97d1387fb19ad5
  LTMorphingLabel: 1858358ea38ef4d548e1f58b648b0d08ec3a62ed
  Material: 2d46a44719b1f19e52956518af8aea54ac714963
  MJRefresh: bb72948c985914b0b5cecac573a2c69a8915fb02
  NVActivityIndicatorView: 0084f6be71bdf4735b5424ebfb530b1e3db3276c
  SDWebImage: 35f9627a3e44b4f292a8a8ce6a531fa488239b91
  SnapKit: bbad04cb016c7cead63965f16b00c09318d271ee
  SVProgressHUD: b0830714205bea1317ea1a2ebc71e5633af334d4
  SwiftyJSON: 04ccea08915aa0109039157c7974cf0298da292a
  Toast-Swift: 25c3d98db42dc70d9a77b5006ee000e0becb458e
  VTMagic: c69c1dd7481e0f3f4c0b2a6f27803dde55455c96

PODFILE CHECKSUM: c42137e26777e538acdadfb1d8fe6d9be35bc515

COCOAPODS: 1.0.1
