// !$*UTF8*$!
{
	archiveVersion = 1;
	classes = {
	};
	objectVersion = 46;
	objects = {

/* Begin PBXBuildFile section */
		208EFEEE4C8ED95FF9BB5D36 /* Pods_GankIOTests.framework in Frameworks */ = {isa = PBXBuildFile; fileRef = D0F2656967DAB85E1E1AD59B /* Pods_GankIOTests.framework */; };
		371C48AD1D349B2400488043 /* Main.swift in Sources */ = {isa = PBXBuildFile; fileRef = 371C48AC1D349B2400488043 /* Main.swift */; };
		371C48B31D349DC300488043 /* Common.swift in Sources */ = {isa = PBXBuildFile; fileRef = 371C48B21D349DC300488043 /* Common.swift */; };
		371C48B51D349ECE00488043 /* New.swift in Sources */ = {isa = PBXBuildFile; fileRef = 371C48B41D349ECE00488043 /* New.swift */; };
		371C48B71D349ED500488043 /* Mine.swift in Sources */ = {isa = PBXBuildFile; fileRef = 371C48B61D349ED500488043 /* Mine.swift */; };
		371C48BA1D349FBF00488043 /* Outsourcing.swift in Sources */ = {isa = PBXBuildFile; fileRef = 371C48B91D349FBF00488043 /* Outsourcing.swift */; };
		371C48BC1D34A06D00488043 /* Category.swift in Sources */ = {isa = PBXBuildFile; fileRef = 371C48BB1D34A06D00488043 /* Category.swift */; };
		371C48BF1D34A19300488043 /* Guide.swift in Sources */ = {isa = PBXBuildFile; fileRef = 371C48BE1D34A19300488043 /* Guide.swift */; };
		371C48C41D34AF1F00488043 /* IOSVC.swift in Sources */ = {isa = PBXBuildFile; fileRef = 371C48C31D34AF1F00488043 /* IOSVC.swift */; };
		371C48C81D34AF3A00488043 /* AndroidVC.swift in Sources */ = {isa = PBXBuildFile; fileRef = 371C48C71D34AF3A00488043 /* AndroidVC.swift */; };
		372122BF1D348C9F0041601F /* AppDelegate.swift in Sources */ = {isa = PBXBuildFile; fileRef = 372122BE1D348C9F0041601F /* AppDelegate.swift */; };
		372122C61D348CA00041601F /* Assets.xcassets in Resources */ = {isa = PBXBuildFile; fileRef = 372122C51D348CA00041601F /* Assets.xcassets */; };
		372122C91D348CA00041601F /* LaunchScreen.storyboard in Resources */ = {isa = PBXBuildFile; fileRef = 372122C71D348CA00041601F /* LaunchScreen.storyboard */; };
		372122D41D348CA00041601F /* GankIOTests.swift in Sources */ = {isa = PBXBuildFile; fileRef = 372122D31D348CA00041601F /* GankIOTests.swift */; };
		372122DF1D348CA00041601F /* GankIOUITests.swift in Sources */ = {isa = PBXBuildFile; fileRef = 372122DE1D348CA00041601F /* GankIOUITests.swift */; };
		73B7EB3AE27353E46A0E8BF0 /* Pods_GankIO.framework in Frameworks */ = {isa = PBXBuildFile; fileRef = A0A5D455CC3FD318E1236D62 /* Pods_GankIO.framework */; };
		D29B43DD4C3F8B191B544291 /* Pods_GankIOUITests.framework in Frameworks */ = {isa = PBXBuildFile; fileRef = 4BF0B2A2AA4930EE45094216 /* Pods_GankIOUITests.framework */; };
/* End PBXBuildFile section */

/* Begin PBXContainerItemProxy section */
		372122D01D348CA00041601F /* PBXContainerItemProxy */ = {
			isa = PBXContainerItemProxy;
			containerPortal = 372122B31D348C9F0041601F /* Project object */;
			proxyType = 1;
			remoteGlobalIDString = 372122BA1D348C9F0041601F;
			remoteInfo = GankIO;
		};
		372122DB1D348CA00041601F /* PBXContainerItemProxy */ = {
			isa = PBXContainerItemProxy;
			containerPortal = 372122B31D348C9F0041601F /* Project object */;
			proxyType = 1;
			remoteGlobalIDString = 372122BA1D348C9F0041601F;
			remoteInfo = GankIO;
		};
/* End PBXContainerItemProxy section */

/* Begin PBXFileReference section */
		00C5B8598F9FA1CB0540CAFF /* Pods-GankIOUITests.release.xcconfig */ = {isa = PBXFileReference; includeInIndex = 1; lastKnownFileType = text.xcconfig; name = "Pods-GankIOUITests.release.xcconfig"; path = "Pods/Target Support Files/Pods-GankIOUITests/Pods-GankIOUITests.release.xcconfig"; sourceTree = "<group>"; };
		24700A0CE78604ECAE8F5249 /* Pods-GankIO.debug.xcconfig */ = {isa = PBXFileReference; includeInIndex = 1; lastKnownFileType = text.xcconfig; name = "Pods-GankIO.debug.xcconfig"; path = "Pods/Target Support Files/Pods-GankIO/Pods-GankIO.debug.xcconfig"; sourceTree = "<group>"; };
		371C48AC1D349B2400488043 /* Main.swift */ = {isa = PBXFileReference; fileEncoding = 4; lastKnownFileType = sourcecode.swift; path = Main.swift; sourceTree = "<group>"; };
		371C48B21D349DC300488043 /* Common.swift */ = {isa = PBXFileReference; fileEncoding = 4; lastKnownFileType = sourcecode.swift; path = Common.swift; sourceTree = "<group>"; };
		371C48B41D349ECE00488043 /* New.swift */ = {isa = PBXFileReference; fileEncoding = 4; lastKnownFileType = sourcecode.swift; path = New.swift; sourceTree = "<group>"; };
		371C48B61D349ED500488043 /* Mine.swift */ = {isa = PBXFileReference; fileEncoding = 4; lastKnownFileType = sourcecode.swift; path = Mine.swift; sourceTree = "<group>"; };
		371C48B91D349FBF00488043 /* Outsourcing.swift */ = {isa = PBXFileReference; fileEncoding = 4; lastKnownFileType = sourcecode.swift; path = Outsourcing.swift; sourceTree = "<group>"; };
		371C48BB1D34A06D00488043 /* Category.swift */ = {isa = PBXFileReference; fileEncoding = 4; lastKnownFileType = sourcecode.swift; path = Category.swift; sourceTree = "<group>"; };
		371C48BE1D34A19300488043 /* Guide.swift */ = {isa = PBXFileReference; fileEncoding = 4; lastKnownFileType = sourcecode.swift; path = Guide.swift; sourceTree = "<group>"; };
		371C48C01D34A25400488043 /* bridge.h */ = {isa = PBXFileReference; lastKnownFileType = sourcecode.c.h; path = bridge.h; sourceTree = "<group>"; };
		371C48C31D34AF1F00488043 /* IOSVC.swift */ = {isa = PBXFileReference; fileEncoding = 4; lastKnownFileType = sourcecode.swift; path = IOSVC.swift; sourceTree = "<group>"; };
		371C48C71D34AF3A00488043 /* AndroidVC.swift */ = {isa = PBXFileReference; fileEncoding = 4; lastKnownFileType = sourcecode.swift; path = AndroidVC.swift; sourceTree = "<group>"; };
		372122BB1D348C9F0041601F /* GankIO.app */ = {isa = PBXFileReference; explicitFileType = wrapper.application; includeInIndex = 0; path = GankIO.app; sourceTree = BUILT_PRODUCTS_DIR; };
		372122BE1D348C9F0041601F /* AppDelegate.swift */ = {isa = PBXFileReference; lastKnownFileType = sourcecode.swift; path = AppDelegate.swift; sourceTree = "<group>"; };
		372122C51D348CA00041601F /* Assets.xcassets */ = {isa = PBXFileReference; lastKnownFileType = folder.assetcatalog; path = Assets.xcassets; sourceTree = "<group>"; };
		372122C81D348CA00041601F /* Base */ = {isa = PBXFileReference; lastKnownFileType = file.storyboard; name = Base; path = Base.lproj/LaunchScreen.storyboard; sourceTree = "<group>"; };
		372122CA1D348CA00041601F /* Info.plist */ = {isa = PBXFileReference; lastKnownFileType = text.plist.xml; path = Info.plist; sourceTree = "<group>"; };
		372122CF1D348CA00041601F /* GankIOTests.xctest */ = {isa = PBXFileReference; explicitFileType = wrapper.cfbundle; includeInIndex = 0; path = GankIOTests.xctest; sourceTree = BUILT_PRODUCTS_DIR; };
		372122D31D348CA00041601F /* GankIOTests.swift */ = {isa = PBXFileReference; lastKnownFileType = sourcecode.swift; path = GankIOTests.swift; sourceTree = "<group>"; };
		372122D51D348CA00041601F /* Info.plist */ = {isa = PBXFileReference; lastKnownFileType = text.plist.xml; path = Info.plist; sourceTree = "<group>"; };
		372122DA1D348CA00041601F /* GankIOUITests.xctest */ = {isa = PBXFileReference; explicitFileType = wrapper.cfbundle; includeInIndex = 0; path = GankIOUITests.xctest; sourceTree = BUILT_PRODUCTS_DIR; };
		372122DE1D348CA00041601F /* GankIOUITests.swift */ = {isa = PBXFileReference; lastKnownFileType = sourcecode.swift; path = GankIOUITests.swift; sourceTree = "<group>"; };
		372122E01D348CA00041601F /* Info.plist */ = {isa = PBXFileReference; lastKnownFileType = text.plist.xml; path = Info.plist; sourceTree = "<group>"; };
		4BF0B2A2AA4930EE45094216 /* Pods_GankIOUITests.framework */ = {isa = PBXFileReference; explicitFileType = wrapper.framework; includeInIndex = 0; path = Pods_GankIOUITests.framework; sourceTree = BUILT_PRODUCTS_DIR; };
		4D067DC5572959617A3CF172 /* Pods-GankIOTests.debug.xcconfig */ = {isa = PBXFileReference; includeInIndex = 1; lastKnownFileType = text.xcconfig; name = "Pods-GankIOTests.debug.xcconfig"; path = "Pods/Target Support Files/Pods-GankIOTests/Pods-GankIOTests.debug.xcconfig"; sourceTree = "<group>"; };
		89A42ECA1A7DF032AACE619B /* Pods-GankIOTests.release.xcconfig */ = {isa = PBXFileReference; includeInIndex = 1; lastKnownFileType = text.xcconfig; name = "Pods-GankIOTests.release.xcconfig"; path = "Pods/Target Support Files/Pods-GankIOTests/Pods-GankIOTests.release.xcconfig"; sourceTree = "<group>"; };
		92681B76516A95A2B9DD849E /* Pods-GankIO.release.xcconfig */ = {isa = PBXFileReference; includeInIndex = 1; lastKnownFileType = text.xcconfig; name = "Pods-GankIO.release.xcconfig"; path = "Pods/Target Support Files/Pods-GankIO/Pods-GankIO.release.xcconfig"; sourceTree = "<group>"; };
		A0A5D455CC3FD318E1236D62 /* Pods_GankIO.framework */ = {isa = PBXFileReference; explicitFileType = wrapper.framework; includeInIndex = 0; path = Pods_GankIO.framework; sourceTree = BUILT_PRODUCTS_DIR; };
		D0F2656967DAB85E1E1AD59B /* Pods_GankIOTests.framework */ = {isa = PBXFileReference; explicitFileType = wrapper.framework; includeInIndex = 0; path = Pods_GankIOTests.framework; sourceTree = BUILT_PRODUCTS_DIR; };
		D8FEDB517EC46EBB1314FB6F /* Pods-GankIOUITests.debug.xcconfig */ = {isa = PBXFileReference; includeInIndex = 1; lastKnownFileType = text.xcconfig; name = "Pods-GankIOUITests.debug.xcconfig"; path = "Pods/Target Support Files/Pods-GankIOUITests/Pods-GankIOUITests.debug.xcconfig"; sourceTree = "<group>"; };
/* End PBXFileReference section */

/* Begin PBXFrameworksBuildPhase section */
		372122B81D348C9F0041601F /* Frameworks */ = {
			isa = PBXFrameworksBuildPhase;
			buildActionMask = 2147483647;
			files = (
				73B7EB3AE27353E46A0E8BF0 /* Pods_GankIO.framework in Frameworks */,
			);
			runOnlyForDeploymentPostprocessing = 0;
		};
		372122CC1D348CA00041601F /* Frameworks */ = {
			isa = PBXFrameworksBuildPhase;
			buildActionMask = 2147483647;
			files = (
				208EFEEE4C8ED95FF9BB5D36 /* Pods_GankIOTests.framework in Frameworks */,
			);
			runOnlyForDeploymentPostprocessing = 0;
		};
		372122D71D348CA00041601F /* Frameworks */ = {
			isa = PBXFrameworksBuildPhase;
			buildActionMask = 2147483647;
			files = (
				D29B43DD4C3F8B191B544291 /* Pods_GankIOUITests.framework in Frameworks */,
			);
			runOnlyForDeploymentPostprocessing = 0;
		};
/* End PBXFrameworksBuildPhase section */

/* Begin PBXGroup section */
		371C48AA1D349B1600488043 /* Support */ = {
			isa = PBXGroup;
			children = (
				371C48C01D34A25400488043 /* bridge.h */,
				372122BE1D348C9F0041601F /* AppDelegate.swift */,
				372122C51D348CA00041601F /* Assets.xcassets */,
				372122C71D348CA00041601F /* LaunchScreen.storyboard */,
				372122CA1D348CA00041601F /* Info.plist */,
			);
			name = Support;
			sourceTree = "<group>";
		};
		371C48AB1D349B1D00488043 /* Main */ = {
			isa = PBXGroup;
			children = (
				371C48AC1D349B2400488043 /* Main.swift */,
			);
			name = Main;
			sourceTree = "<group>";
		};
		371C48AE1D349C4200488043 /* New */ = {
			isa = PBXGroup;
			children = (
				371C48C21D34AEFE00488043 /* Android */,
				371C48C11D34AEE700488043 /* iOS */,
				371C48B41D349ECE00488043 /* New.swift */,
			);
			name = New;
			sourceTree = "<group>";
		};
		371C48AF1D349C5500488043 /* Guide */ = {
			isa = PBXGroup;
			children = (
				371C48BE1D34A19300488043 /* Guide.swift */,
			);
			name = Guide;
			sourceTree = "<group>";
		};
		371C48B01D349C5D00488043 /* Mine */ = {
			isa = PBXGroup;
			children = (
				371C48B61D349ED500488043 /* Mine.swift */,
			);
			name = Mine;
			sourceTree = "<group>";
		};
		371C48B11D349DAF00488043 /* Common */ = {
			isa = PBXGroup;
			children = (
				371C48B21D349DC300488043 /* Common.swift */,
			);
			name = Common;
			sourceTree = "<group>";
		};
		371C48B81D349EDF00488043 /* Outsourcing */ = {
			isa = PBXGroup;
			children = (
				371C48B91D349FBF00488043 /* Outsourcing.swift */,
			);
			name = Outsourcing;
			sourceTree = "<group>";
		};
		371C48BD1D34A07100488043 /* Category */ = {
			isa = PBXGroup;
			children = (
				371C48BB1D34A06D00488043 /* Category.swift */,
			);
			name = Category;
			sourceTree = "<group>";
		};
		371C48C11D34AEE700488043 /* iOS */ = {
			isa = PBXGroup;
			children = (
				371C48C31D34AF1F00488043 /* IOSVC.swift */,
			);
			name = iOS;
			sourceTree = "<group>";
		};
		371C48C21D34AEFE00488043 /* Android */ = {
			isa = PBXGroup;
			children = (
				371C48C71D34AF3A00488043 /* AndroidVC.swift */,
			);
			name = Android;
			sourceTree = "<group>";
		};
		372122B21D348C9F0041601F = {
			isa = PBXGroup;
			children = (
				372122BD1D348C9F0041601F /* GankIO */,
				372122D21D348CA00041601F /* GankIOTests */,
				372122DD1D348CA00041601F /* GankIOUITests */,
				372122BC1D348C9F0041601F /* Products */,
				81FE4A3E9961B1D10C9E98CE /* Pods */,
				A6A4F915C9A2BDD9C3830AD7 /* Frameworks */,
			);
			sourceTree = "<group>";
		};
		372122BC1D348C9F0041601F /* Products */ = {
			isa = PBXGroup;
			children = (
				372122BB1D348C9F0041601F /* GankIO.app */,
				372122CF1D348CA00041601F /* GankIOTests.xctest */,
				372122DA1D348CA00041601F /* GankIOUITests.xctest */,
			);
			name = Products;
			sourceTree = "<group>";
		};
		372122BD1D348C9F0041601F /* GankIO */ = {
			isa = PBXGroup;
			children = (
				371C48BD1D34A07100488043 /* Category */,
				371C48B81D349EDF00488043 /* Outsourcing */,
				371C48B11D349DAF00488043 /* Common */,
				371C48B01D349C5D00488043 /* Mine */,
				371C48AF1D349C5500488043 /* Guide */,
				371C48AB1D349B1D00488043 /* Main */,
				371C48AE1D349C4200488043 /* New */,
				371C48AA1D349B1600488043 /* Support */,
			);
			path = GankIO;
			sourceTree = "<group>";
		};
		372122D21D348CA00041601F /* GankIOTests */ = {
			isa = PBXGroup;
			children = (
				372122D31D348CA00041601F /* GankIOTests.swift */,
				372122D51D348CA00041601F /* Info.plist */,
			);
			path = GankIOTests;
			sourceTree = "<group>";
		};
		372122DD1D348CA00041601F /* GankIOUITests */ = {
			isa = PBXGroup;
			children = (
				372122DE1D348CA00041601F /* GankIOUITests.swift */,
				372122E01D348CA00041601F /* Info.plist */,
			);
			path = GankIOUITests;
			sourceTree = "<group>";
		};
		81FE4A3E9961B1D10C9E98CE /* Pods */ = {
			isa = PBXGroup;
			children = (
				24700A0CE78604ECAE8F5249 /* Pods-GankIO.debug.xcconfig */,
				92681B76516A95A2B9DD849E /* Pods-GankIO.release.xcconfig */,
				4D067DC5572959617A3CF172 /* Pods-GankIOTests.debug.xcconfig */,
				89A42ECA1A7DF032AACE619B /* Pods-GankIOTests.release.xcconfig */,
				D8FEDB517EC46EBB1314FB6F /* Pods-GankIOUITests.debug.xcconfig */,
				00C5B8598F9FA1CB0540CAFF /* Pods-GankIOUITests.release.xcconfig */,
			);
			name = Pods;
			sourceTree = "<group>";
		};
		A6A4F915C9A2BDD9C3830AD7 /* Frameworks */ = {
			isa = PBXGroup;
			children = (
				A0A5D455CC3FD318E1236D62 /* Pods_GankIO.framework */,
				D0F2656967DAB85E1E1AD59B /* Pods_GankIOTests.framework */,
				4BF0B2A2AA4930EE45094216 /* Pods_GankIOUITests.framework */,
			);
			name = Frameworks;
			sourceTree = "<group>";
		};
/* End PBXGroup section */

/* Begin PBXNativeTarget section */
		372122BA1D348C9F0041601F /* GankIO */ = {
			isa = PBXNativeTarget;
			buildConfigurationList = 372122E31D348CA00041601F /* Build configuration list for PBXNativeTarget "GankIO" */;
			buildPhases = (
				C05D8CAE3F6CA9A7395F9353 /* [CP] Check Pods Manifest.lock */,
				372122B71D348C9F0041601F /* Sources */,
				372122B81D348C9F0041601F /* Frameworks */,
				372122B91D348C9F0041601F /* Resources */,
				16FB8597BCFDB581F4EF98DB /* [CP] Embed Pods Frameworks */,
				E6ED9F6E509F1E74B86359B5 /* [CP] Copy Pods Resources */,
			);
			buildRules = (
			);
			dependencies = (
			);
			name = GankIO;
			productName = GankIO;
			productReference = 372122BB1D348C9F0041601F /* GankIO.app */;
			productType = "com.apple.product-type.application";
		};
		372122CE1D348CA00041601F /* GankIOTests */ = {
			isa = PBXNativeTarget;
			buildConfigurationList = 372122E61D348CA00041601F /* Build configuration list for PBXNativeTarget "GankIOTests" */;
			buildPhases = (
				75A5F8D9D7E4015D2D3F959F /* [CP] Check Pods Manifest.lock */,
				372122CB1D348CA00041601F /* Sources */,
				372122CC1D348CA00041601F /* Frameworks */,
				372122CD1D348CA00041601F /* Resources */,
				31AD019199AA0B8F8E58980E /* [CP] Embed Pods Frameworks */,
				C1E4834E008A7E6081210477 /* [CP] Copy Pods Resources */,
			);
			buildRules = (
			);
			dependencies = (
				372122D11D348CA00041601F /* PBXTargetDependency */,
			);
			name = GankIOTests;
			productName = GankIOTests;
			productReference = 372122CF1D348CA00041601F /* GankIOTests.xctest */;
			productType = "com.apple.product-type.bundle.unit-test";
		};
		372122D91D348CA00041601F /* GankIOUITests */ = {
			isa = PBXNativeTarget;
			buildConfigurationList = 372122E91D348CA00041601F /* Build configuration list for PBXNativeTarget "GankIOUITests" */;
			buildPhases = (
				80101D139CAB9D5B6A08FAE8 /* [CP] Check Pods Manifest.lock */,
				372122D61D348CA00041601F /* Sources */,
				372122D71D348CA00041601F /* Frameworks */,
				372122D81D348CA00041601F /* Resources */,
				FB99C1C301567CB1E0777759 /* [CP] Copy Pods Resources */,
			);
			buildRules = (
			);
			dependencies = (
				372122DC1D348CA00041601F /* PBXTargetDependency */,
			);
			name = GankIOUITests;
			productName = GankIOUITests;
			productReference = 372122DA1D348CA00041601F /* GankIOUITests.xctest */;
			productType = "com.apple.product-type.bundle.ui-testing";
		};
/* End PBXNativeTarget section */

/* Begin PBXProject section */
		372122B31D348C9F0041601F /* Project object */ = {
			isa = PBXProject;
			attributes = {
				LastSwiftUpdateCheck = 0730;
				LastUpgradeCheck = 0730;
				ORGANIZATIONNAME = Bing;
				TargetAttributes = {
					372122BA1D348C9F0041601F = {
						CreatedOnToolsVersion = 7.3.1;
					};
					372122CE1D348CA00041601F = {
						CreatedOnToolsVersion = 7.3.1;
						TestTargetID = 372122BA1D348C9F0041601F;
					};
					372122D91D348CA00041601F = {
						CreatedOnToolsVersion = 7.3.1;
						TestTargetID = 372122BA1D348C9F0041601F;
					};
				};
			};
			buildConfigurationList = 372122B61D348C9F0041601F /* Build configuration list for PBXProject "GankIO" */;
			compatibilityVersion = "Xcode 3.2";
			developmentRegion = English;
			hasScannedForEncodings = 0;
			knownRegions = (
				en,
				Base,
			);
			mainGroup = 372122B21D348C9F0041601F;
			productRefGroup = 372122BC1D348C9F0041601F /* Products */;
			projectDirPath = "";
			projectRoot = "";
			targets = (
				372122BA1D348C9F0041601F /* GankIO */,
				372122CE1D348CA00041601F /* GankIOTests */,
				372122D91D348CA00041601F /* GankIOUITests */,
			);
		};
/* End PBXProject section */

/* Begin PBXResourcesBuildPhase section */
		372122B91D348C9F0041601F /* Resources */ = {
			isa = PBXResourcesBuildPhase;
			buildActionMask = 2147483647;
			files = (
				372122C91D348CA00041601F /* LaunchScreen.storyboard in Resources */,
				372122C61D348CA00041601F /* Assets.xcassets in Resources */,
			);
			runOnlyForDeploymentPostprocessing = 0;
		};
		372122CD1D348CA00041601F /* Resources */ = {
			isa = PBXResourcesBuildPhase;
			buildActionMask = 2147483647;
			files = (
			);
			runOnlyForDeploymentPostprocessing = 0;
		};
		372122D81D348CA00041601F /* Resources */ = {
			isa = PBXResourcesBuildPhase;
			buildActionMask = 2147483647;
			files = (
			);
			runOnlyForDeploymentPostprocessing = 0;
		};
/* End PBXResourcesBuildPhase section */

/* Begin PBXShellScriptBuildPhase section */
		16FB8597BCFDB581F4EF98DB /* [CP] Embed Pods Frameworks */ = {
			isa = PBXShellScriptBuildPhase;
			buildActionMask = 2147483647;
			files = (
			);
			inputPaths = (
			);
			name = "[CP] Embed Pods Frameworks";
			outputPaths = (
			);
			runOnlyForDeploymentPostprocessing = 0;
			shellPath = /bin/sh;
			shellScript = "\"${SRCROOT}/Pods/Target Support Files/Pods-GankIO/Pods-GankIO-frameworks.sh\"\n";
			showEnvVarsInLog = 0;
		};
		31AD019199AA0B8F8E58980E /* [CP] Embed Pods Frameworks */ = {
			isa = PBXShellScriptBuildPhase;
			buildActionMask = 2147483647;
			files = (
			);
			inputPaths = (
			);
			name = "[CP] Embed Pods Frameworks";
			outputPaths = (
			);
			runOnlyForDeploymentPostprocessing = 0;
			shellPath = /bin/sh;
			shellScript = "\"${SRCROOT}/Pods/Target Support Files/Pods-GankIOTests/Pods-GankIOTests-frameworks.sh\"\n";
			showEnvVarsInLog = 0;
		};
		75A5F8D9D7E4015D2D3F959F /* [CP] Check Pods Manifest.lock */ = {
			isa = PBXShellScriptBuildPhase;
			buildActionMask = 2147483647;
			files = (
			);
			inputPaths = (
			);
			name = "[CP] Check Pods Manifest.lock";
			outputPaths = (
			);
			runOnlyForDeploymentPostprocessing = 0;
			shellPath = /bin/sh;
			shellScript = "diff \"${PODS_ROOT}/../Podfile.lock\" \"${PODS_ROOT}/Manifest.lock\" > /dev/null\nif [[ $? != 0 ]] ; then\n    cat << EOM\nerror: The sandbox is not in sync with the Podfile.lock. Run 'pod install' or update your CocoaPods installation.\nEOM\n    exit 1\nfi\n";
			showEnvVarsInLog = 0;
		};
		80101D139CAB9D5B6A08FAE8 /* [CP] Check Pods Manifest.lock */ = {
			isa = PBXShellScriptBuildPhase;
			buildActionMask = 2147483647;
			files = (
			);
			inputPaths = (
			);
			name = "[CP] Check Pods Manifest.lock";
			outputPaths = (
			);
			runOnlyForDeploymentPostprocessing = 0;
			shellPath = /bin/sh;
			shellScript = "diff \"${PODS_ROOT}/../Podfile.lock\" \"${PODS_ROOT}/Manifest.lock\" > /dev/null\nif [[ $? != 0 ]] ; then\n    cat << EOM\nerror: The sandbox is not in sync with the Podfile.lock. Run 'pod install' or update your CocoaPods installation.\nEOM\n    exit 1\nfi\n";
			showEnvVarsInLog = 0;
		};
		C05D8CAE3F6CA9A7395F9353 /* [CP] Check Pods Manifest.lock */ = {
			isa = PBXShellScriptBuildPhase;
			buildActionMask = 2147483647;
			files = (
			);
			inputPaths = (
			);
			name = "[CP] Check Pods Manifest.lock";
			outputPaths = (
			);
			runOnlyForDeploymentPostprocessing = 0;
			shellPath = /bin/sh;
			shellScript = "diff \"${PODS_ROOT}/../Podfile.lock\" \"${PODS_ROOT}/Manifest.lock\" > /dev/null\nif [[ $? != 0 ]] ; then\n    cat << EOM\nerror: The sandbox is not in sync with the Podfile.lock. Run 'pod install' or update your CocoaPods installation.\nEOM\n    exit 1\nfi\n";
			showEnvVarsInLog = 0;
		};
		C1E4834E008A7E6081210477 /* [CP] Copy Pods Resources */ = {
			isa = PBXShellScriptBuildPhase;
			buildActionMask = 2147483647;
			files = (
			);
			inputPaths = (
			);
			name = "[CP] Copy Pods Resources";
			outputPaths = (
			);
			runOnlyForDeploymentPostprocessing = 0;
			shellPath = /bin/sh;
			shellScript = "\"${SRCROOT}/Pods/Target Support Files/Pods-GankIOTests/Pods-GankIOTests-resources.sh\"\n";
			showEnvVarsInLog = 0;
		};
		E6ED9F6E509F1E74B86359B5 /* [CP] Copy Pods Resources */ = {
			isa = PBXShellScriptBuildPhase;
			buildActionMask = 2147483647;
			files = (
			);
			inputPaths = (
			);
			name = "[CP] Copy Pods Resources";
			outputPaths = (
			);
			runOnlyForDeploymentPostprocessing = 0;
			shellPath = /bin/sh;
			shellScript = "\"${SRCROOT}/Pods/Target Support Files/Pods-GankIO/Pods-GankIO-resources.sh\"\n";
			showEnvVarsInLog = 0;
		};
		FB99C1C301567CB1E0777759 /* [CP] Copy Pods Resources */ = {
			isa = PBXShellScriptBuildPhase;
			buildActionMask = 2147483647;
			files = (
			);
			inputPaths = (
			);
			name = "[CP] Copy Pods Resources";
			outputPaths = (
			);
			runOnlyForDeploymentPostprocessing = 0;
			shellPath = /bin/sh;
			shellScript = "\"${SRCROOT}/Pods/Target Support Files/Pods-GankIOUITests/Pods-GankIOUITests-resources.sh\"\n";
			showEnvVarsInLog = 0;
		};
/* End PBXShellScriptBuildPhase section */

/* Begin PBXSourcesBuildPhase section */
		372122B71D348C9F0041601F /* Sources */ = {
			isa = PBXSourcesBuildPhase;
			buildActionMask = 2147483647;
			files = (
				371C48AD1D349B2400488043 /* Main.swift in Sources */,
				371C48B31D349DC300488043 /* Common.swift in Sources */,
				371C48B51D349ECE00488043 /* New.swift in Sources */,
				371C48B71D349ED500488043 /* Mine.swift in Sources */,
				371C48BF1D34A19300488043 /* Guide.swift in Sources */,
				371C48BA1D349FBF00488043 /* Outsourcing.swift in Sources */,
				372122BF1D348C9F0041601F /* AppDelegate.swift in Sources */,
				371C48BC1D34A06D00488043 /* Category.swift in Sources */,
				371C48C81D34AF3A00488043 /* AndroidVC.swift in Sources */,
				371C48C41D34AF1F00488043 /* IOSVC.swift in Sources */,
			);
			runOnlyForDeploymentPostprocessing = 0;
		};
		372122CB1D348CA00041601F /* Sources */ = {
			isa = PBXSourcesBuildPhase;
			buildActionMask = 2147483647;
			files = (
				372122D41D348CA00041601F /* GankIOTests.swift in Sources */,
			);
			runOnlyForDeploymentPostprocessing = 0;
		};
		372122D61D348CA00041601F /* Sources */ = {
			isa = PBXSourcesBuildPhase;
			buildActionMask = 2147483647;
			files = (
				372122DF1D348CA00041601F /* GankIOUITests.swift in Sources */,
			);
			runOnlyForDeploymentPostprocessing = 0;
		};
/* End PBXSourcesBuildPhase section */

/* Begin PBXTargetDependency section */
		372122D11D348CA00041601F /* PBXTargetDependency */ = {
			isa = PBXTargetDependency;
			target = 372122BA1D348C9F0041601F /* GankIO */;
			targetProxy = 372122D01D348CA00041601F /* PBXContainerItemProxy */;
		};
		372122DC1D348CA00041601F /* PBXTargetDependency */ = {
			isa = PBXTargetDependency;
			target = 372122BA1D348C9F0041601F /* GankIO */;
			targetProxy = 372122DB1D348CA00041601F /* PBXContainerItemProxy */;
		};
/* End PBXTargetDependency section */

/* Begin PBXVariantGroup section */
		372122C71D348CA00041601F /* LaunchScreen.storyboard */ = {
			isa = PBXVariantGroup;
			children = (
				372122C81D348CA00041601F /* Base */,
			);
			name = LaunchScreen.storyboard;
			sourceTree = "<group>";
		};
/* End PBXVariantGroup section */

/* Begin XCBuildConfiguration section */
		372122E11D348CA00041601F /* Debug */ = {
			isa = XCBuildConfiguration;
			buildSettings = {
				ALWAYS_SEARCH_USER_PATHS = NO;
				CLANG_ANALYZER_NONNULL = YES;
				CLANG_CXX_LANGUAGE_STANDARD = "gnu++0x";
				CLANG_CXX_LIBRARY = "libc++";
				CLANG_ENABLE_MODULES = YES;
				CLANG_ENABLE_OBJC_ARC = YES;
				CLANG_WARN_BOOL_CONVERSION = YES;
				CLANG_WARN_CONSTANT_CONVERSION = YES;
				CLANG_WARN_DIRECT_OBJC_ISA_USAGE = YES_ERROR;
				CLANG_WARN_EMPTY_BODY = YES;
				CLANG_WARN_ENUM_CONVERSION = YES;
				CLANG_WARN_INT_CONVERSION = YES;
				CLANG_WARN_OBJC_ROOT_CLASS = YES_ERROR;
				CLANG_WARN_UNREACHABLE_CODE = YES;
				CLANG_WARN__DUPLICATE_METHOD_MATCH = YES;
				"CODE_SIGN_IDENTITY[sdk=iphoneos*]" = "iPhone Developer";
				COPY_PHASE_STRIP = NO;
				DEBUG_INFORMATION_FORMAT = dwarf;
				ENABLE_STRICT_OBJC_MSGSEND = YES;
				ENABLE_TESTABILITY = YES;
				GCC_C_LANGUAGE_STANDARD = gnu99;
				GCC_DYNAMIC_NO_PIC = NO;
				GCC_NO_COMMON_BLOCKS = YES;
				GCC_OPTIMIZATION_LEVEL = 0;
				GCC_PREPROCESSOR_DEFINITIONS = (
					"DEBUG=1",
					"$(inherited)",
				);
				GCC_WARN_64_TO_32_BIT_CONVERSION = YES;
				GCC_WARN_ABOUT_RETURN_TYPE = YES_ERROR;
				GCC_WARN_UNDECLARED_SELECTOR = YES;
				GCC_WARN_UNINITIALIZED_AUTOS = YES_AGGRESSIVE;
				GCC_WARN_UNUSED_FUNCTION = YES;
				GCC_WARN_UNUSED_VARIABLE = YES;
				IPHONEOS_DEPLOYMENT_TARGET = 9.3;
				MTL_ENABLE_DEBUG_INFO = YES;
				ONLY_ACTIVE_ARCH = YES;
				SDKROOT = iphoneos;
				SWIFT_OPTIMIZATION_LEVEL = "-Onone";
			};
			name = Debug;
		};
		372122E21D348CA00041601F /* Release */ = {
			isa = XCBuildConfiguration;
			buildSettings = {
				ALWAYS_SEARCH_USER_PATHS = NO;
				CLANG_ANALYZER_NONNULL = YES;
				CLANG_CXX_LANGUAGE_STANDARD = "gnu++0x";
				CLANG_CXX_LIBRARY = "libc++";
				CLANG_ENABLE_MODULES = YES;
				CLANG_ENABLE_OBJC_ARC = YES;
				CLANG_WARN_BOOL_CONVERSION = YES;
				CLANG_WARN_CONSTANT_CONVERSION = YES;
				CLANG_WARN_DIRECT_OBJC_ISA_USAGE = YES_ERROR;
				CLANG_WARN_EMPTY_BODY = YES;
				CLANG_WARN_ENUM_CONVERSION = YES;
				CLANG_WARN_INT_CONVERSION = YES;
				CLANG_WARN_OBJC_ROOT_CLASS = YES_ERROR;
				CLANG_WARN_UNREACHABLE_CODE = YES;
				CLANG_WARN__DUPLICATE_METHOD_MATCH = YES;
				"CODE_SIGN_IDENTITY[sdk=iphoneos*]" = "iPhone Developer";
				COPY_PHASE_STRIP = NO;
				DEBUG_INFORMATION_FORMAT = "dwarf-with-dsym";
				ENABLE_NS_ASSERTIONS = NO;
				ENABLE_STRICT_OBJC_MSGSEND = YES;
				GCC_C_LANGUAGE_STANDARD = gnu99;
				GCC_NO_COMMON_BLOCKS = YES;
				GCC_WARN_64_TO_32_BIT_CONVERSION = YES;
				GCC_WARN_ABOUT_RETURN_TYPE = YES_ERROR;
				GCC_WARN_UNDECLARED_SELECTOR = YES;
				GCC_WARN_UNINITIALIZED_AUTOS = YES_AGGRESSIVE;
				GCC_WARN_UNUSED_FUNCTION = YES;
				GCC_WARN_UNUSED_VARIABLE = YES;
				IPHONEOS_DEPLOYMENT_TARGET = 9.3;
				MTL_ENABLE_DEBUG_INFO = NO;
				SDKROOT = iphoneos;
				VALIDATE_PRODUCT = YES;
			};
			name = Release;
		};
		372122E41D348CA00041601F /* Debug */ = {
			isa = XCBuildConfiguration;
			baseConfigurationReference = 24700A0CE78604ECAE8F5249 /* Pods-GankIO.debug.xcconfig */;
			buildSettings = {
				ASSETCATALOG_COMPILER_APPICON_NAME = AppIcon;
				INFOPLIST_FILE = GankIO/Info.plist;
				LD_RUNPATH_SEARCH_PATHS = "$(inherited) @executable_path/Frameworks";
				PRODUCT_BUNDLE_IDENTIFIER = com.geekbing.GankIO;
				PRODUCT_NAME = "$(TARGET_NAME)";
				SWIFT_OBJC_BRIDGING_HEADER = GankIO/bridge.h;
			};
			name = Debug;
		};
		372122E51D348CA00041601F /* Release */ = {
			isa = XCBuildConfiguration;
			baseConfigurationReference = 92681B76516A95A2B9DD849E /* Pods-GankIO.release.xcconfig */;
			buildSettings = {
				ASSETCATALOG_COMPILER_APPICON_NAME = AppIcon;
				INFOPLIST_FILE = GankIO/Info.plist;
				LD_RUNPATH_SEARCH_PATHS = "$(inherited) @executable_path/Frameworks";
				PRODUCT_BUNDLE_IDENTIFIER = com.geekbing.GankIO;
				PRODUCT_NAME = "$(TARGET_NAME)";
				SWIFT_OBJC_BRIDGING_HEADER = GankIO/bridge.h;
			};
			name = Release;
		};
		372122E71D348CA00041601F /* Debug */ = {
			isa = XCBuildConfiguration;
			baseConfigurationReference = 4D067DC5572959617A3CF172 /* Pods-GankIOTests.debug.xcconfig */;
			buildSettings = {
				BUNDLE_LOADER = "$(TEST_HOST)";
				INFOPLIST_FILE = GankIOTests/Info.plist;
				LD_RUNPATH_SEARCH_PATHS = "$(inherited) @executable_path/Frameworks @loader_path/Frameworks";
				PRODUCT_BUNDLE_IDENTIFIER = com.geekbing.GankIOTests;
				PRODUCT_NAME = "$(TARGET_NAME)";
				TEST_HOST = "$(BUILT_PRODUCTS_DIR)/GankIO.app/GankIO";
			};
			name = Debug;
		};
		372122E81D348CA00041601F /* Release */ = {
			isa = XCBuildConfiguration;
			baseConfigurationReference = 89A42ECA1A7DF032AACE619B /* Pods-GankIOTests.release.xcconfig */;
			buildSettings = {
				BUNDLE_LOADER = "$(TEST_HOST)";
				INFOPLIST_FILE = GankIOTests/Info.plist;
				LD_RUNPATH_SEARCH_PATHS = "$(inherited) @executable_path/Frameworks @loader_path/Frameworks";
				PRODUCT_BUNDLE_IDENTIFIER = com.geekbing.GankIOTests;
				PRODUCT_NAME = "$(TARGET_NAME)";
				TEST_HOST = "$(BUILT_PRODUCTS_DIR)/GankIO.app/GankIO";
			};
			name = Release;
		};
		372122EA1D348CA00041601F /* Debug */ = {
			isa = XCBuildConfiguration;
			baseConfigurationReference = D8FEDB517EC46EBB1314FB6F /* Pods-GankIOUITests.debug.xcconfig */;
			buildSettings = {
				INFOPLIST_FILE = GankIOUITests/Info.plist;
				LD_RUNPATH_SEARCH_PATHS = "$(inherited) @executable_path/Frameworks @loader_path/Frameworks";
				PRODUCT_BUNDLE_IDENTIFIER = com.geekbing.GankIOUITests;
				PRODUCT_NAME = "$(TARGET_NAME)";
				TEST_TARGET_NAME = GankIO;
			};
			name = Debug;
		};
		372122EB1D348CA00041601F /* Release */ = {
			isa = XCBuildConfiguration;
			baseConfigurationReference = 00C5B8598F9FA1CB0540CAFF /* Pods-GankIOUITests.release.xcconfig */;
			buildSettings = {
				INFOPLIST_FILE = GankIOUITests/Info.plist;
				LD_RUNPATH_SEARCH_PATHS = "$(inherited) @executable_path/Frameworks @loader_path/Frameworks";
				PRODUCT_BUNDLE_IDENTIFIER = com.geekbing.GankIOUITests;
				PRODUCT_NAME = "$(TARGET_NAME)";
				TEST_TARGET_NAME = GankIO;
			};
			name = Release;
		};
/* End XCBuildConfiguration section */

/* Begin XCConfigurationList section */
		372122B61D348C9F0041601F /* Build configuration list for PBXProject "GankIO" */ = {
			isa = XCConfigurationList;
			buildConfigurations = (
				372122E11D348CA00041601F /* Debug */,
				372122E21D348CA00041601F /* Release */,
			);
			defaultConfigurationIsVisible = 0;
			defaultConfigurationName = Release;
		};
		372122E31D348CA00041601F /* Build configuration list for PBXNativeTarget "GankIO" */ = {
			isa = XCConfigurationList;
			buildConfigurations = (
				372122E41D348CA00041601F /* Debug */,
				372122E51D348CA00041601F /* Release */,
			);
			defaultConfigurationIsVisible = 0;
			defaultConfigurationName = Release;
		};
		372122E61D348CA00041601F /* Build configuration list for PBXNativeTarget "GankIOTests" */ = {
			isa = XCConfigurationList;
			buildConfigurations = (
				372122E71D348CA00041601F /* Debug */,
				372122E81D348CA00041601F /* Release */,
			);
			defaultConfigurationIsVisible = 0;
			defaultConfigurationName = Release;
		};
		372122E91D348CA00041601F /* Build configuration list for PBXNativeTarget "GankIOUITests" */ = {
			isa = XCConfigurationList;
			buildConfigurations = (
				372122EA1D348CA00041601F /* Debug */,
				372122EB1D348CA00041601F /* Release */,
			);
			defaultConfigurationIsVisible = 0;
			defaultConfigurationName = Release;
		};
/* End XCConfigurationList section */
	};
	rootObject = 372122B31D348C9F0041601F /* Project object */;
}
